
Microsoft Visual Studio Solution File, Format Version 12.00
# Visual Studio 15
VisualStudioVersion = 15.0.26124.0
MinimumVisualStudioVersion = 15.0.26124.0
Project("{9A19103F-16F7-4668-BE54-9A1E7A4F7556}") = "CreateAnAPI", "CreateAnAPI\CreateAnAPI.csproj", "{2852D346-AC47-4BE8-84BA-186085BA2778}"
EndProject
Project("{FAE04EC0-301F-11D3-BF4B-00C04F79EFBC}") = "ApiTests", "ApiTests\ApiTests.csproj", "{DC13FD5A-DB6B-4FCD-8744-F93F63349360}"
EndProject
Global
	GlobalSection(SolutionConfigurationPlatforms) = preSolution
		Debug|Any CPU = Debug|Any CPU
		Release|Any CPU = Release|Any CPU
	EndGlobalSection
	GlobalSection(ProjectConfigurationPlatforms) = postSolution
		{2852D346-AC47-4BE8-84BA-186085BA2778}.Debug|Any CPU.ActiveCfg = Debug|Any CPU
		{2852D346-AC47-4BE8-84BA-186085BA2778}.Debug|Any CPU.Build.0 = Debug|Any CPU
		{2852D346-AC47-4BE8-84BA-186085BA2778}.Release|Any CPU.ActiveCfg = Release|Any CPU
		{2852D346-AC47-4BE8-84BA-186085BA2778}.Release|Any CPU.Build.0 = Release|Any CPU
		{DC13FD5A-DB6B-4FCD-8744-F93F63349360}.Debug|Any CPU.ActiveCfg = Debug|Any CPU
		{DC13FD5A-DB6B-4FCD-8744-F93F63349360}.Debug|Any CPU.Build.0 = Debug|Any CPU
		{DC13FD5A-DB6B-4FCD-8744-F93F63349360}.Release|Any CPU.ActiveCfg = Release|Any CPU
		{DC13FD5A-DB6B-4FCD-8744-F93F63349360}.Release|Any CPU.Build.0 = Release|Any CPU
	EndGlobalSection
	GlobalSection(SolutionProperties) = preSolution
		HideSolutionNode = FALSE
	EndGlobalSection
	GlobalSection(ExtensibilityGlobals) = postSolution
		SolutionGuid = {273FC8B7-A680-4563-8B13-0B6EDF95B44A}
	EndGlobalSection
EndGlobal
